
Microsoft Visual Studio Solution File, Format Version 12.00
# Visual Studio Version 17
VisualStudioVersion = 17.0.31903.59
MinimumVisualStudioVersion = 10.0.40219.1
Project("{2150E333-8FDC-42A3-9474-1A3956D46DE8}") = "src", "src", "{827E0CD3-B72D-47B6-A68D-7590B98EB39B}"
EndProject
Project("{FAE04EC0-301F-11D3-BF4B-00C04F79EFBC}") = "ZdoRpgAi.Core", "src\ZdoRpgAi.Core\ZdoRpgAi.Core.csproj", "{D9B1A10C-4AD1-4875-B189-FFDFEFC6F47E}"
EndProject
Project("{FAE04EC0-301F-11D3-BF4B-00C04F79EFBC}") = "ZdoRpgAi.Client", "src\ZdoRpgAi.Client\ZdoRpgAi.Client.csproj", "{D3109264-468E-4D77-AB00-1612B5F66759}"
EndProject
Project("{FAE04EC0-301F-11D3-BF4B-00C04F79EFBC}") = "ZdoRpgAi.Protocol", "src\ZdoRpgAi.Protocol\ZdoRpgAi.Protocol.csproj", "{52FCE80E-EF5E-4D55-AC8E-3314FB2D1C07}"
EndProject
Project("{FAE04EC0-301F-11D3-BF4B-00C04F79EFBC}") = "ZdoRpgAi.Client.Console", "src\ZdoRpgAi.Client.Console\ZdoRpgAi.Client.Console.csproj", "{2AE500A6-3CFE-46E2-B6C5-971D19FF931B}"
EndProject
Project("{FAE04EC0-301F-11D3-BF4B-00C04F79EFBC}") = "ZdoRpgAi.Util", "src\ZdoRpgAi.Util\ZdoRpgAi.Util.csproj", "{CAF8751C-54F1-4E52-A4D6-6203DED8D143}"
EndProject
Project("{FAE04EC0-301F-11D3-BF4B-00C04F79EFBC}") = "ZdoRpgAi.Database", "src\ZdoRpgAi.Database\ZdoRpgAi.Database.csproj", "{F9C98B40-095D-4672-BB46-932026D53AA8}"
EndProject
Project("{FAE04EC0-301F-11D3-BF4B-00C04F79EFBC}") = "ZdoRpgAi.Repository", "src\ZdoRpgAi.Repository\ZdoRpgAi.Repository.csproj", "{32577F4F-0604-479B-915F-949EDCF65884}"
EndProject
Project("{FAE04EC0-301F-11D3-BF4B-00C04F79EFBC}") = "ZdoRpgAi.Server", "src\ZdoRpgAi.Server\ZdoRpgAi.Server.csproj", "{6D471C11-2921-43D3-845C-29BB2E08EF4E}"
EndProject
Global
	GlobalSection(SolutionConfigurationPlatforms) = preSolution
		Debug|Any CPU = Debug|Any CPU
		Debug|x64 = Debug|x64
		Debug|x86 = Debug|x86
		Release|Any CPU = Release|Any CPU
		Release|x64 = Release|x64
		Release|x86 = Release|x86
	EndGlobalSection
	GlobalSection(ProjectConfigurationPlatforms) = postSolution
		{D9B1A10C-4AD1-4875-B189-FFDFEFC6F47E}.Debug|Any CPU.ActiveCfg = Debug|Any CPU
		{D9B1A10C-4AD1-4875-B189-FFDFEFC6F47E}.Debug|Any CPU.Build.0 = Debug|Any CPU
		{D9B1A10C-4AD1-4875-B189-FFDFEFC6F47E}.Debug|x64.ActiveCfg = Debug|Any CPU
		{D9B1A10C-4AD1-4875-B189-FFDFEFC6F47E}.Debug|x64.Build.0 = Debug|Any CPU
		{D9B1A10C-4AD1-4875-B189-FFDFEFC6F47E}.Debug|x86.ActiveCfg = Debug|Any CPU
		{D9B1A10C-4AD1-4875-B189-FFDFEFC6F47E}.Debug|x86.Build.0 = Debug|Any CPU
		{D9B1A10C-4AD1-4875-B189-FFDFEFC6F47E}.Release|Any CPU.ActiveCfg = Release|Any CPU
		{D9B1A10C-4AD1-4875-B189-FFDFEFC6F47E}.Release|Any CPU.Build.0 = Release|Any CPU
		{D9B1A10C-4AD1-4875-B189-FFDFEFC6F47E}.Release|x64.ActiveCfg = Release|Any CPU
		{D9B1A10C-4AD1-4875-B189-FFDFEFC6F47E}.Release|x64.Build.0 = Release|Any CPU
		{D9B1A10C-4AD1-4875-B189-FFDFEFC6F47E}.Release|x86.ActiveCfg = Release|Any CPU
		{D9B1A10C-4AD1-4875-B189-FFDFEFC6F47E}.Release|x86.Build.0 = Release|Any CPU
		{D3109264-468E-4D77-AB00-1612B5F66759}.Debug|Any CPU.ActiveCfg = Debug|Any CPU
		{D3109264-468E-4D77-AB00-1612B5F66759}.Debug|Any CPU.Build.0 = Debug|Any CPU
		{D3109264-468E-4D77-AB00-1612B5F66759}.Debug|x64.ActiveCfg = Debug|Any CPU
		{D3109264-468E-4D77-AB00-1612B5F66759}.Debug|x64.Build.0 = Debug|Any CPU
		{D3109264-468E-4D77-AB00-1612B5F66759}.Debug|x86.ActiveCfg = Debug|Any CPU
		{D3109264-468E-4D77-AB00-1612B5F66759}.Debug|x86.Build.0 = Debug|Any CPU
		{D3109264-468E-4D77-AB00-1612B5F66759}.Release|Any CPU.ActiveCfg = Release|Any CPU
		{D3109264-468E-4D77-AB00-1612B5F66759}.Release|Any CPU.Build.0 = Release|Any CPU
		{D3109264-468E-4D77-AB00-1612B5F66759}.Release|x64.ActiveCfg = Release|Any CPU
		{D3109264-468E-4D77-AB00-1612B5F66759}.Release|x64.Build.0 = Release|Any CPU
		{D3109264-468E-4D77-AB00-1612B5F66759}.Release|x86.ActiveCfg = Release|Any CPU
		{D3109264-468E-4D77-AB00-1612B5F66759}.Release|x86.Build.0 = Release|Any CPU
		{52FCE80E-EF5E-4D55-AC8E-3314FB2D1C07}.Debug|Any CPU.ActiveCfg = Debug|Any CPU
		{52FCE80E-EF5E-4D55-AC8E-3314FB2D1C07}.Debug|Any CPU.Build.0 = Debug|Any CPU
		{52FCE80E-EF5E-4D55-AC8E-3314FB2D1C07}.Debug|x64.ActiveCfg = Debug|Any CPU
		{52FCE80E-EF5E-4D55-AC8E-3314FB2D1C07}.Debug|x64.Build.0 = Debug|Any CPU
		{52FCE80E-EF5E-4D55-AC8E-3314FB2D1C07}.Debug|x86.ActiveCfg = Debug|Any CPU
		{52FCE80E-EF5E-4D55-AC8E-3314FB2D1C07}.Debug|x86.Build.0 = Debug|Any CPU
		{52FCE80E-EF5E-4D55-AC8E-3314FB2D1C07}.Release|Any CPU.ActiveCfg = Release|Any CPU
		{52FCE80E-EF5E-4D55-AC8E-3314FB2D1C07}.Release|Any CPU.Build.0 = Release|Any CPU
		{52FCE80E-EF5E-4D55-AC8E-3314FB2D1C07}.Release|x64.ActiveCfg = Release|Any CPU
		{52FCE80E-EF5E-4D55-AC8E-3314FB2D1C07}.Release|x64.Build.0 = Release|Any CPU
		{52FCE80E-EF5E-4D55-AC8E-3314FB2D1C07}.Release|x86.ActiveCfg = Release|Any CPU
		{52FCE80E-EF5E-4D55-AC8E-3314FB2D1C07}.Release|x86.Build.0 = Release|Any CPU
		{2AE500A6-3CFE-46E2-B6C5-971D19FF931B}.Debug|Any CPU.ActiveCfg = Debug|Any CPU
		{2AE500A6-3CFE-46E2-B6C5-971D19FF931B}.Debug|Any CPU.Build.0 = Debug|Any CPU
		{2AE500A6-3CFE-46E2-B6C5-971D19FF931B}.Debug|x64.ActiveCfg = Debug|Any CPU
		{2AE500A6-3CFE-46E2-B6C5-971D19FF931B}.Debug|x64.Build.0 = Debug|Any CPU
		{2AE500A6-3CFE-46E2-B6C5-971D19FF931B}.Debug|x86.ActiveCfg = Debug|Any CPU
		{2AE500A6-3CFE-46E2-B6C5-971D19FF931B}.Debug|x86.Build.0 = Debug|Any CPU
		{2AE500A6-3CFE-46E2-B6C5-971D19FF931B}.Release|Any CPU.ActiveCfg = Release|Any CPU
		{2AE500A6-3CFE-46E2-B6C5-971D19FF931B}.Release|Any CPU.Build.0 = Release|Any CPU
		{2AE500A6-3CFE-46E2-B6C5-971D19FF931B}.Release|x64.ActiveCfg = Release|Any CPU
		{2AE500A6-3CFE-46E2-B6C5-971D19FF931B}.Release|x64.Build.0 = Release|Any CPU
		{2AE500A6-3CFE-46E2-B6C5-971D19FF931B}.Release|x86.ActiveCfg = Release|Any CPU
		{2AE500A6-3CFE-46E2-B6C5-971D19FF931B}.Release|x86.Build.0 = Release|Any CPU
		{CAF8751C-54F1-4E52-A4D6-6203DED8D143}.Debug|Any CPU.ActiveCfg = Debug|Any CPU
		{CAF8751C-54F1-4E52-A4D6-6203DED8D143}.Debug|Any CPU.Build.0 = Debug|Any CPU
		{CAF8751C-54F1-4E52-A4D6-6203DED8D143}.Debug|x64.ActiveCfg = Debug|Any CPU
		{CAF8751C-54F1-4E52-A4D6-6203DED8D143}.Debug|x64.Build.0 = Debug|Any CPU
		{CAF8751C-54F1-4E52-A4D6-6203DED8D143}.Debug|x86.ActiveCfg = Debug|Any CPU
		{CAF8751C-54F1-4E52-A4D6-6203DED8D143}.Debug|x86.Build.0 = Debug|Any CPU
		{CAF8751C-54F1-4E52-A4D6-6203DED8D143}.Release|Any CPU.ActiveCfg = Release|Any CPU
		{CAF8751C-54F1-4E52-A4D6-6203DED8D143}.Release|Any CPU.Build.0 = Release|Any CPU
		{CAF8751C-54F1-4E52-A4D6-6203DED8D143}.Release|x64.ActiveCfg = Release|Any CPU
		{CAF8751C-54F1-4E52-A4D6-6203DED8D143}.Release|x64.Build.0 = Release|Any CPU
		{CAF8751C-54F1-4E52-A4D6-6203DED8D143}.Release|x86.ActiveCfg = Release|Any CPU
		{CAF8751C-54F1-4E52-A4D6-6203DED8D143}.Release|x86.Build.0 = Release|Any CPU
		{F9C98B40-095D-4672-BB46-932026D53AA8}.Debug|Any CPU.ActiveCfg = Debug|Any CPU
		{F9C98B40-095D-4672-BB46-932026D53AA8}.Debug|Any CPU.Build.0 = Debug|Any CPU
		{F9C98B40-095D-4672-BB46-932026D53AA8}.Debug|x64.ActiveCfg = Debug|Any CPU
		{F9C98B40-095D-4672-BB46-932026D53AA8}.Debug|x64.Build.0 = Debug|Any CPU
		{F9C98B40-095D-4672-BB46-932026D53AA8}.Debug|x86.ActiveCfg = Debug|Any CPU
		{F9C98B40-095D-4672-BB46-932026D53AA8}.Debug|x86.Build.0 = Debug|Any CPU
		{F9C98B40-095D-4672-BB46-932026D53AA8}.Release|Any CPU.ActiveCfg = Release|Any CPU
		{F9C98B40-095D-4672-BB46-932026D53AA8}.Release|Any CPU.Build.0 = Release|Any CPU
		{F9C98B40-095D-4672-BB46-932026D53AA8}.Release|x64.ActiveCfg = Release|Any CPU
		{F9C98B40-095D-4672-BB46-932026D53AA8}.Release|x64.Build.0 = Release|Any CPU
		{F9C98B40-095D-4672-BB46-932026D53AA8}.Release|x86.ActiveCfg = Release|Any CPU
		{F9C98B40-095D-4672-BB46-932026D53AA8}.Release|x86.Build.0 = Release|Any CPU
		{32577F4F-0604-479B-915F-949EDCF65884}.Debug|Any CPU.ActiveCfg = Debug|Any CPU
		{32577F4F-0604-479B-915F-949EDCF65884}.Debug|Any CPU.Build.0 = Debug|Any CPU
		{32577F4F-0604-479B-915F-949EDCF65884}.Debug|x64.ActiveCfg = Debug|Any CPU
		{32577F4F-0604-479B-915F-949EDCF65884}.Debug|x64.Build.0 = Debug|Any CPU
		{32577F4F-0604-479B-915F-949EDCF65884}.Debug|x86.ActiveCfg = Debug|Any CPU
		{32577F4F-0604-479B-915F-949EDCF65884}.Debug|x86.Build.0 = Debug|Any CPU
		{32577F4F-0604-479B-915F-949EDCF65884}.Release|Any CPU.ActiveCfg = Release|Any CPU
		{32577F4F-0604-479B-915F-949EDCF65884}.Release|Any CPU.Build.0 = Release|Any CPU
		{32577F4F-0604-479B-915F-949EDCF65884}.Release|x64.ActiveCfg = Release|Any CPU
		{32577F4F-0604-479B-915F-949EDCF65884}.Release|x64.Build.0 = Release|Any CPU
		{32577F4F-0604-479B-915F-949EDCF65884}.Release|x86.ActiveCfg = Release|Any CPU
		{32577F4F-0604-479B-915F-949EDCF65884}.Release|x86.Build.0 = Release|Any CPU
		{6D471C11-2921-43D3-845C-29BB2E08EF4E}.Debug|Any CPU.ActiveCfg = Debug|Any CPU
		{6D471C11-2921-43D3-845C-29BB2E08EF4E}.Debug|Any CPU.Build.0 = Debug|Any CPU
		{6D471C11-2921-43D3-845C-29BB2E08EF4E}.Debug|x64.ActiveCfg = Debug|Any CPU
		{6D471C11-2921-43D3-845C-29BB2E08EF4E}.Debug|x64.Build.0 = Debug|Any CPU
		{6D471C11-2921-43D3-845C-29BB2E08EF4E}.Debug|x86.ActiveCfg = Debug|Any CPU
		{6D471C11-2921-43D3-845C-29BB2E08EF4E}.Debug|x86.Build.0 = Debug|Any CPU
		{6D471C11-2921-43D3-845C-29BB2E08EF4E}.Release|Any CPU.ActiveCfg = Release|Any CPU
		{6D471C11-2921-43D3-845C-29BB2E08EF4E}.Release|Any CPU.Build.0 = Release|Any CPU
		{6D471C11-2921-43D3-845C-29BB2E08EF4E}.Release|x64.ActiveCfg = Release|Any CPU
		{6D471C11-2921-43D3-845C-29BB2E08EF4E}.Release|x64.Build.0 = Release|Any CPU
		{6D471C11-2921-43D3-845C-29BB2E08EF4E}.Release|x86.ActiveCfg = Release|Any CPU
		{6D471C11-2921-43D3-845C-29BB2E08EF4E}.Release|x86.Build.0 = Release|Any CPU
	EndGlobalSection
	GlobalSection(SolutionProperties) = preSolution
		HideSolutionNode = FALSE
	EndGlobalSection
	GlobalSection(NestedProjects) = preSolution
		{D9B1A10C-4AD1-4875-B189-FFDFEFC6F47E} = {827E0CD3-B72D-47B6-A68D-7590B98EB39B}
		{D3109264-468E-4D77-AB00-1612B5F66759} = {827E0CD3-B72D-47B6-A68D-7590B98EB39B}
		{52FCE80E-EF5E-4D55-AC8E-3314FB2D1C07} = {827E0CD3-B72D-47B6-A68D-7590B98EB39B}
		{2AE500A6-3CFE-46E2-B6C5-971D19FF931B} = {827E0CD3-B72D-47B6-A68D-7590B98EB39B}
		{CAF8751C-54F1-4E52-A4D6-6203DED8D143} = {827E0CD3-B72D-47B6-A68D-7590B98EB39B}
		{F9C98B40-095D-4672-BB46-932026D53AA8} = {827E0CD3-B72D-47B6-A68D-7590B98EB39B}
		{32577F4F-0604-479B-915F-949EDCF65884} = {827E0CD3-B72D-47B6-A68D-7590B98EB39B}
		{6D471C11-2921-43D3-845C-29BB2E08EF4E} = {827E0CD3-B72D-47B6-A68D-7590B98EB39B}
	EndGlobalSection
EndGlobal
